{
  "requires": true,
  "lockfileVersion": 1,
  "dependencies": {
    "vue": {
      "version": "2.5.16",
      "resolved": "https://registry.npmjs.org/vue/-/vue-2.5.16.tgz",
      "integrity": "sha512-/ffmsiVuPC8PsWcFkZngdpas19ABm5mh2wA7iDqcltyCTwlgZjHGeJYOXkBMo422iPwIcviOtrTCUpSfXmToLQ=="
    },
    "vue-agile": {
      "version": "0.3.7",
      "resolved": "https://registry.npmjs.org/vue-agile/-/vue-agile-0.3.7.tgz",
      "integrity": "sha512-rs+Dl4Yb2UpkPwq8AqOS+cRV7KznRNnGw5mgPg1Nj74l+E8z2SXuilnzQqOhmyHTwIarU6RXPLz34yAlfSZ9og==",
      "requires": {
        "vue": "2.5.16"
      }
    }
  }
}
